
Microsoft Visual Studio Solution File, Format Version 12.00
# Visual Studio 15
Project("{FAE04EC0-301F-11D3-BF4B-00C04F79EFBC}") = "Eveld.DynamicCamera", "Eveld.DynamicCamera.csproj", "{58D806CF-27A0-F5B6-4685-24382CC14D9C}"
EndProject
Project("{FAE04EC0-301F-11D3-BF4B-00C04F79EFBC}") = "Assembly-CSharp", "Assembly-CSharp.csproj", "{55BC6979-9435-33A4-101D-1C41BC9D3567}"
EndProject
Project("{FAE04EC0-301F-11D3-BF4B-00C04F79EFBC}") = "Eveld.DynamicCamera.Editor", "Eveld.DynamicCamera.Editor.csproj", "{483D06F8-44DE-4F98-5BBC-B6FDC5ECF4FF}"
EndProject
Global
	GlobalSection(SolutionConfigurationPlatforms) = preSolution
		Debug|Any CPU = Debug|Any CPU
		Release|Any CPU = Release|Any CPU
	EndGlobalSection
	GlobalSection(ProjectConfigurationPlatforms) = postSolution
		{58D806CF-27A0-F5B6-4685-24382CC14D9C}.Debug|Any CPU.ActiveCfg = Debug|Any CPU
		{58D806CF-27A0-F5B6-4685-24382CC14D9C}.Debug|Any CPU.Build.0 = Debug|Any CPU
		{58D806CF-27A0-F5B6-4685-24382CC14D9C}.Release|Any CPU.ActiveCfg = Release|Any CPU
		{58D806CF-27A0-F5B6-4685-24382CC14D9C}.Release|Any CPU.Build.0 = Release|Any CPU
		{55BC6979-9435-33A4-101D-1C41BC9D3567}.Debug|Any CPU.ActiveCfg = Debug|Any CPU
		{55BC6979-9435-33A4-101D-1C41BC9D3567}.Debug|Any CPU.Build.0 = Debug|Any CPU
		{55BC6979-9435-33A4-101D-1C41BC9D3567}.Release|Any CPU.ActiveCfg = Release|Any CPU
		{55BC6979-9435-33A4-101D-1C41BC9D3567}.Release|Any CPU.Build.0 = Release|Any CPU
		{483D06F8-44DE-4F98-5BBC-B6FDC5ECF4FF}.Debug|Any CPU.ActiveCfg = Debug|Any CPU
		{483D06F8-44DE-4F98-5BBC-B6FDC5ECF4FF}.Debug|Any CPU.Build.0 = Debug|Any CPU
		{483D06F8-44DE-4F98-5BBC-B6FDC5ECF4FF}.Release|Any CPU.ActiveCfg = Release|Any CPU
		{483D06F8-44DE-4F98-5BBC-B6FDC5ECF4FF}.Release|Any CPU.Build.0 = Release|Any CPU
	EndGlobalSection
	GlobalSection(SolutionProperties) = preSolution
		HideSolutionNode = FALSE
	EndGlobalSection
EndGlobal
